GEM
  remote: https://rubygems.org/
  specs:
    base64 (0.3.0)
    bigdecimal (4.1.2)
    csv (3.3.5)
    dotenv (3.2.0)
    httparty (0.24.2)
      csv
      mini_mime (>= 1.0.0)
      multi_xml (>= 0.5.2)
    json (2.19.5)
    logger (1.7.0)
    mini_mime (1.1.5)
    mini_portile2 (2.8.9)
    multi_xml (0.9.1)
      bigdecimal (>= 3.1, < 5)
    mustermann (3.1.1)
    nio4r (2.7.5)
    puma (6.6.1)
      nio4r (~> 2.0)
    rack (3.2.6)
    rack-protection (4.2.1)
      base64 (>= 0.1.0)
      logger (>= 1.6.0)
      rack (>= 3.0.0, < 4)
    rack-session (2.1.2)
      base64 (>= 0.1.0)
      rack (>= 3.0.0)
    sequel (5.104.0)
      bigdecimal
    sinatra (4.2.1)
      logger (>= 1.6.0)
      mustermann (~> 3.0)
      rack (>= 3.0.0, < 4)
      rack-protection (= 4.2.1)
      rack-session (>= 2.0.0, < 3)
      tilt (~> 2.0)
    sqlite3 (2.9.4)
      mini_portile2 (~> 2.8.0)
    sqlite3 (2.9.4-arm64-darwin)
    tilt (2.7.0)

PLATFORMS
  arm64-darwin-24
  ruby

DEPENDENCIES
  dotenv (~> 3.0)
  httparty (~> 0.22)
  json
  puma (~> 6.0)
  sequel (~> 5.0)
  sinatra (~> 4.0)
  sqlite3 (~> 2.0)

RUBY VERSION
   ruby 3.4.1p0

BUNDLED WITH
   2.6.2
